
Microsoft Visual Studio Solution File, Format Version 12.00
# Visual Studio Version 16
VisualStudioVersion = 16.0.810.16
MinimumVisualStudioVersion = 10.0.40219.1
Project("{FAE04EC0-301F-11D3-BF4B-00C04F79EFBC}") = "LaytonTemple", "LaytonTemple\LaytonTemple.csproj", "{DA43997C-BEBE-4387-8EC0-C54B2A9C4FC5}"
EndProject
Global
	GlobalSection(SolutionConfigurationPlatforms) = preSolution
		Debug|Any CPU = Debug|Any CPU
		Release|Any CPU = Release|Any CPU
	EndGlobalSection
	GlobalSection(ProjectConfigurationPlatforms) = postSolution
		{DA43997C-BEBE-4387-8EC0-C54B2A9C4FC5}.Debug|Any CPU.ActiveCfg = Debug|Any CPU
		{DA43997C-BEBE-4387-8EC0-C54B2A9C4FC5}.Debug|Any CPU.Build.0 = Debug|Any CPU
		{DA43997C-BEBE-4387-8EC0-C54B2A9C4FC5}.Release|Any CPU.ActiveCfg = Release|Any CPU
		{DA43997C-BEBE-4387-8EC0-C54B2A9C4FC5}.Release|Any CPU.Build.0 = Release|Any CPU
	EndGlobalSection
	GlobalSection(SolutionProperties) = preSolution
		HideSolutionNode = FALSE
	EndGlobalSection
	GlobalSection(ExtensibilityGlobals) = postSolution
		SolutionGuid = {856AAC7F-8DC0-4321-97D9-A405B7EADC1E}
	EndGlobalSection
EndGlobal
